{
  "version": 4,
  "terraform_version": "1.5.3",
  "serial": 121,
  "lineage": "da02a0cd-b883-ece6-8921-a2c35036e4d8",
  "outputs": {},
  "resources": [
    {
      "module": "module.clustering",
      "mode": "managed",
      "type": "aws_eks_cluster",
      "name": "global-cluster",
      "provider": "provider[\"registry.terraform.io/hashicorp/aws\"]",
      "instances": [
        {
          "schema_version": 0,
          "attributes": {
            "arn": "arn:aws:eks:us-west-2:375111493668:cluster/devcluster",
            "certificate_authority": [
              {
                "data": "LS0tLS1CRUdJTiBDRVJUSUZJQ0FURS0tLS0tCk1JSUMvakNDQWVhZ0F3SUJBZ0lCQURBTkJna3Foa2lHOXcwQkFRc0ZBREFWTVJNd0VRWURWUVFERXdwcmRXSmwKY201bGRHVnpNQjRYRFRJME1ESXhOVEE1TURBMU1Gb1hEVE0wTURJeE1qQTVNREExTUZvd0ZURVRNQkVHQTFVRQpBeE1LYTNWaVpYSnVaWFJsY3pDQ0FTSXdEUVlKS29aSWh2Y05BUUVCQlFBRGdnRVBBRENDQVFvQ2dnRUJBTkVsCkpRbFluS05QVzFKcGZKdVpLQVJER08xTUNZdHlTY0JUZXB3SzJQNDNYRUI4Y1ZMeVpnYk4ybWc4RVZod3ZYT2YKU1F5TXE4aXBWZVhGTEdxZzl3VkRzNnUrVGZJaUFJQmE4eGJVdTRUdmpuOWljTXpJK0pZUy83RHRRcU5mbE5ZeQpxVGo4Y1VxaS9BU1Vpd0k4OHVYbFpxcDlrampsV2ROMFY0alpRR0NmNTA4MlZXNlRJcmxVMVREQlN0bW1ZT3l5CkZqblRDS3FBYjMxeURXZ3QrOUs5MXUxUTJ4TjI2Z1ZnNzVGRlhDMWlIaE5haDlqUlNzSFBTOTFmWEQxYk9CdU0KOWdtbEMwYlF0QjhmOTR2MEJOTVBxMTdQVFR4M09RaXhmeDd4SUgzL3ZTRmNhNVNnUWhGamFJUlRORCtSMG9CSApHOEN3RENxdFNoOEhiSkhJV3QwQ0F3RUFBYU5aTUZjd0RnWURWUjBQQVFIL0JBUURBZ0trTUE4R0ExVWRFd0VCCi93UUZNQU1CQWY4d0hRWURWUjBPQkJZRUZNVkdCNDNyb0l3Zkg3djFwMkIyc1dZMnFKMzZNQlVHQTFVZEVRUU8KTUF5Q0NtdDFZbVZ5Ym1WMFpYTXdEUVlKS29aSWh2Y05BUUVMQlFBRGdnRUJBTGJrdFBkRldEckxnQ1E5OFVVUQoyaEJGVXA3aVpLaUlvSDl6NWJHZDQzcldVOTcxcG1lZlRsSjltRnMxNVJvUlNtYnR2dkRXaThtQUlyQ2phOFUzCnZrRGlUdUQvdUZLeDBhOFh5RkhuUmgxSWx6WldWRFNkcXZoc29VMFVwUmFZamZLSmVETkNFWkdQR2lWYnJLbEwKd05VNnlmWEhjZ1pVWTRDaUNJUlkyRFJlQjFpd3NIb2RueTVuK0xMckFIYXR6TGhOanlMNmxRSHIrMC9ub3pYZQpZS2psZ0Znd1FRMlB4a3ZwNDJlekQ2OTVpZmE4R0ZKSWlVYmxjVEdkNUxmbThYam9JRlJKdktrZ1dGSE5FUmVTCk1nMGNtcDV6NWo5WEEvYkdqUEwvRVUvZDRIK25MdW9vTWJBejducmJsOTdhMWUyRnNodldXQnBjcTZiN3JSMXAKMDdnPQotLS0tLUVORCBDRVJUSUZJQ0FURS0tLS0tCg=="
              }
            ],
            "created_at": "2024-02-15 08:55:57.685 +0000 UTC",
            "enabled_cluster_log_types": null,
            "encryption_config": [],
            "endpoint": "https://454E26EF9237DCF0D59AE396C1C597BE.gr7.us-west-2.eks.amazonaws.com",
            "id": "devcluster",
            "identity": [
              {
                "oidc": [
                  {
                    "issuer": "https://oidc.eks.us-west-2.amazonaws.com/id/454E26EF9237DCF0D59AE396C1C597BE"
                  }
                ]
              }
            ],
            "kubernetes_network_config": [
              {
                "service_ipv4_cidr": "10.100.0.0/16"
              }
            ],
            "name": "devcluster",
            "platform_version": "eks.16",
            "role_arn": "arn:aws:iam::375111493668:role/eksclusterrole",
            "status": "ACTIVE",
            "tags": {
              "Environment": "dev",
              "Name": "clustertype"
            },
            "tags_all": {
              "Environment": "dev",
              "Name": "clustertype"
            },
            "timeouts": null,
            "version": "1.24",
            "vpc_config": [
              {
                "cluster_security_group_id": "sg-03de739274151bbb1",
                "endpoint_private_access": false,
                "endpoint_public_access": true,
                "public_access_cidrs": [
                  "0.0.0.0/0"
                ],
                "security_group_ids": null,
                "subnet_ids": [
                  "subnet-0780343d4b9e11450",
                  "subnet-07fcd0c060f8524c3"
                ],
                "vpc_id": "vpc-067e4af025a4d5384"
              }
            ]
          },
          "sensitive_attributes": [],
          "private": "eyJlMmJmYjczMC1lY2FhLTExZTYtOGY4OC0zNDM2M2JjN2M0YzAiOnsiY3JlYXRlIjoxODAwMDAwMDAwMDAwLCJkZWxldGUiOjkwMDAwMDAwMDAwMCwidXBkYXRlIjozNjAwMDAwMDAwMDAwfX0=",
          "dependencies": [
            "module.clustering.aws_iam_role.globalrole",
            "module.clustering.aws_subnet.pubsub01",
            "module.clustering.aws_subnet.pubsub02",
            "module.clustering.aws_vpc.kubevpc"
          ]
        }
      ]
    },
    {
      "module": "module.clustering",
      "mode": "managed",
      "type": "aws_eks_node_group",
      "name": "global-node-group",
      "provider": "provider[\"registry.terraform.io/hashicorp/aws\"]",
      "instances": [
        {
          "schema_version": 0,
          "attributes": {
            "ami_type": "AL2_x86_64",
            "arn": "arn:aws:eks:us-west-2:375111493668:nodegroup/devcluster/HighIn/40c6d600-f177-3bef-b413-8dbc8e52feeb",
            "capacity_type": "ON_DEMAND",
            "cluster_name": "devcluster",
            "disk_size": 20,
            "force_update_version": null,
            "id": "devcluster:HighIn",
            "instance_types": [
              "t2.micro"
            ],
            "labels": {
              "zone": "west"
            },
            "launch_template": [],
            "node_group_name": "HighIn",
            "node_group_name_prefix": "",
            "node_role_arn": "arn:aws:iam::375111493668:role/node-group-role",
            "release_version": "1.24.17-20240213",
            "remote_access": [],
            "resources": [
              {
                "autoscaling_groups": [
                  {
                    "name": "eks-HighIn-40c6d600-f177-3bef-b413-8dbc8e52feeb"
                  }
                ],
                "remote_access_security_group_id": ""
              }
            ],
            "scaling_config": [
              {
                "desired_size": 2,
                "max_size": 2,
                "min_size": 2
              }
            ],
            "status": "ACTIVE",
            "subnet_ids": [
              "subnet-0780343d4b9e11450",
              "subnet-07fcd0c060f8524c3"
            ],
            "tags": null,
            "tags_all": {},
            "taint": [],
            "timeouts": null,
            "update_config": [
              {
                "max_unavailable": 1,
                "max_unavailable_percentage": 0
              }
            ],
            "version": "1.24"
          },
          "sensitive_attributes": [],
          "private": "eyJlMmJmYjczMC1lY2FhLTExZTYtOGY4OC0zNDM2M2JjN2M0YzAiOnsiY3JlYXRlIjozNjAwMDAwMDAwMDAwLCJkZWxldGUiOjM2MDAwMDAwMDAwMDAsInVwZGF0ZSI6MzYwMDAwMDAwMDAwMH19",
          "dependencies": [
            "module.clustering.aws_eks_cluster.global-cluster",
            "module.clustering.aws_iam_role.global-node-group-role",
            "module.clustering.aws_iam_role.globalrole",
            "module.clustering.aws_iam_role_policy_attachment.global-eks-cni-policy",
            "module.clustering.aws_iam_role_policy_attachment.global-eks-container-policy",
            "module.clustering.aws_iam_role_policy_attachment.global-eks-worker-policy",
            "module.clustering.aws_subnet.pubsub01",
            "module.clustering.aws_subnet.pubsub02",
            "module.clustering.aws_vpc.kubevpc"
          ]
        }
      ]
    },
    {
      "module": "module.clustering",
      "mode": "managed",
      "type": "aws_iam_role",
      "name": "global-node-group-role",
      "provider": "provider[\"registry.terraform.io/hashicorp/aws\"]",
      "instances": [
        {
          "schema_version": 0,
          "attributes": {
            "arn": "arn:aws:iam::375111493668:role/node-group-role",
            "assume_role_policy": "{\"Version\":\"2012-10-17\",\"Statement\":[{\"Effect\":\"Allow\",\"Principal\":{\"Service\":\"ec2.amazonaws.com\"},\"Action\":\"sts:AssumeRole\"}]}",
            "create_date": "2024-02-15T08:55:25Z",
            "description": "",
            "force_detach_policies": false,
            "id": "node-group-role",
            "inline_policy": [
              {
                "name": "",
                "policy": ""
              }
            ],
            "managed_policy_arns": [],
            "max_session_duration": 3600,
            "name": "node-group-role",
            "name_prefix": "",
            "path": "/",
            "permissions_boundary": null,
            "tags": null,
            "tags_all": {},
            "unique_id": "AROAVOVTDFASAK7PKUPE3"
          },
          "sensitive_attributes": [],
          "private": "bnVsbA=="
        }
      ]
    },
    {
      "module": "module.clustering",
      "mode": "managed",
      "type": "aws_iam_role",
      "name": "globalrole",
      "provider": "provider[\"registry.terraform.io/hashicorp/aws\"]",
      "instances": [
        {
          "schema_version": 0,
          "attributes": {
            "arn": "arn:aws:iam::375111493668:role/eksclusterrole",
            "assume_role_policy": "{\"Version\":\"2012-10-17\",\"Statement\":[{\"Effect\":\"Allow\",\"Principal\":{\"Service\":\"eks.amazonaws.com\"},\"Action\":\"sts:AssumeRole\"}]}",
            "create_date": "2024-02-15T08:55:25Z",
            "description": "",
            "force_detach_policies": false,
            "id": "eksclusterrole",
            "inline_policy": [
              {
                "name": "",
                "policy": ""
              }
            ],
            "managed_policy_arns": [],
            "max_session_duration": 3600,
            "name": "eksclusterrole",
            "name_prefix": "",
            "path": "/",
            "permissions_boundary": null,
            "tags": null,
            "tags_all": {},
            "unique_id": "AROAVOVTDFASGLXIOZQKG"
          },
          "sensitive_attributes": [],
          "private": "bnVsbA=="
        }
      ]
    },
    {
      "module": "module.clustering",
      "mode": "managed",
      "type": "aws_iam_role_policy_attachment",
      "name": "global-eks-cni-policy",
      "provider": "provider[\"registry.terraform.io/hashicorp/aws\"]",
      "instances": [
        {
          "schema_version": 0,
          "attributes": {
            "id": "node-group-role-20240215085536727800000004",
            "policy_arn": "arn:aws:iam::aws:policy/AmazonEKS_CNI_Policy",
            "role": "node-group-role"
          },
          "sensitive_attributes": [],
          "private": "bnVsbA==",
          "dependencies": [
            "module.clustering.aws_iam_role.global-node-group-role"
          ]
        }
      ]
    },
    {
      "module": "module.clustering",
      "mode": "managed",
      "type": "aws_iam_role_policy_attachment",
      "name": "global-eks-container-policy",
      "provider": "provider[\"registry.terraform.io/hashicorp/aws\"]",
      "instances": [
        {
          "schema_version": 0,
          "attributes": {
            "id": "node-group-role-20240215085535704000000001",
            "policy_arn": "arn:aws:iam::aws:policy/AmazonEC2ContainerRegistryReadOnly",
            "role": "node-group-role"
          },
          "sensitive_attributes": [],
          "private": "bnVsbA==",
          "dependencies": [
            "module.clustering.aws_iam_role.global-node-group-role"
          ]
        }
      ]
    },
    {
      "module": "module.clustering",
      "mode": "managed",
      "type": "aws_iam_role_policy_attachment",
      "name": "global-eks-worker-policy",
      "provider": "provider[\"registry.terraform.io/hashicorp/aws\"]",
      "instances": [
        {
          "schema_version": 0,
          "attributes": {
            "id": "node-group-role-20240215085535745500000003",
            "policy_arn": "arn:aws:iam::aws:policy/AmazonEKSWorkerNodePolicy",
            "role": "node-group-role"
          },
          "sensitive_attributes": [],
          "private": "bnVsbA==",
          "dependencies": [
            "module.clustering.aws_iam_role.global-node-group-role"
          ]
        }
      ]
    },
    {
      "module": "module.clustering",
      "mode": "managed",
      "type": "aws_iam_role_policy_attachment",
      "name": "globalatachment",
      "provider": "provider[\"registry.terraform.io/hashicorp/aws\"]",
      "instances": [
        {
          "schema_version": 0,
          "attributes": {
            "id": "eksclusterrole-20240215085535706400000002",
            "policy_arn": "arn:aws:iam::aws:policy/AmazonEKSClusterPolicy",
            "role": "eksclusterrole"
          },
          "sensitive_attributes": [],
          "private": "bnVsbA==",
          "dependencies": [
            "module.clustering.aws_iam_role.globalrole"
          ]
        }
      ]
    },
    {
      "module": "module.clustering",
      "mode": "managed",
      "type": "aws_internet_gateway",
      "name": "intgate",
      "provider": "provider[\"registry.terraform.io/hashicorp/aws\"]",
      "instances": [
        {
          "schema_version": 0,
          "attributes": {
            "arn": "arn:aws:ec2:us-west-2:375111493668:internet-gateway/igw-0024a83b8b57e55c6",
            "id": "igw-0024a83b8b57e55c6",
            "owner_id": "375111493668",
            "tags": null,
            "tags_all": {},
            "vpc_id": "vpc-067e4af025a4d5384"
          },
          "sensitive_attributes": [],
          "private": "bnVsbA==",
          "dependencies": [
            "module.clustering.aws_vpc.kubevpc"
          ]
        }
      ]
    },
    {
      "module": "module.clustering",
      "mode": "managed",
      "type": "aws_route_table",
      "name": "pubrt",
      "provider": "provider[\"registry.terraform.io/hashicorp/aws\"]",
      "instances": [
        {
          "schema_version": 0,
          "attributes": {
            "arn": "arn:aws:ec2:us-west-2:375111493668:route-table/rtb-0d16fb9026f448b01",
            "id": "rtb-0d16fb9026f448b01",
            "owner_id": "375111493668",
            "propagating_vgws": [],
            "route": [
              {
                "carrier_gateway_id": "",
                "cidr_block": "0.0.0.0/0",
                "destination_prefix_list_id": "",
                "egress_only_gateway_id": "",
                "gateway_id": "igw-0024a83b8b57e55c6",
                "instance_id": "",
                "ipv6_cidr_block": "",
                "local_gateway_id": "",
                "nat_gateway_id": "",
                "network_interface_id": "",
                "transit_gateway_id": "",
                "vpc_endpoint_id": "",
                "vpc_peering_connection_id": ""
              }
            ],
            "tags": null,
            "tags_all": {},
            "vpc_id": "vpc-067e4af025a4d5384"
          },
          "sensitive_attributes": [],
          "private": "bnVsbA==",
          "dependencies": [
            "module.clustering.aws_internet_gateway.intgate",
            "module.clustering.aws_vpc.kubevpc"
          ]
        }
      ]
    },
    {
      "module": "module.clustering",
      "mode": "managed",
      "type": "aws_route_table_association",
      "name": "routeassoc1",
      "provider": "provider[\"registry.terraform.io/hashicorp/aws\"]",
      "instances": [
        {
          "schema_version": 0,
          "attributes": {
            "gateway_id": "",
            "id": "rtbassoc-0c44ec3368d4b9a97",
            "route_table_id": "rtb-0d16fb9026f448b01",
            "subnet_id": "subnet-07fcd0c060f8524c3"
          },
          "sensitive_attributes": [],
          "private": "bnVsbA==",
          "dependencies": [
            "module.clustering.aws_internet_gateway.intgate",
            "module.clustering.aws_route_table.pubrt",
            "module.clustering.aws_subnet.pubsub01",
            "module.clustering.aws_vpc.kubevpc"
          ]
        }
      ]
    },
    {
      "module": "module.clustering",
      "mode": "managed",
      "type": "aws_route_table_association",
      "name": "routeassoc2",
      "provider": "provider[\"registry.terraform.io/hashicorp/aws\"]",
      "instances": [
        {
          "schema_version": 0,
          "attributes": {
            "gateway_id": "",
            "id": "rtbassoc-04ce1f85808d52216",
            "route_table_id": "rtb-0d16fb9026f448b01",
            "subnet_id": "subnet-0780343d4b9e11450"
          },
          "sensitive_attributes": [],
          "private": "bnVsbA==",
          "dependencies": [
            "module.clustering.aws_internet_gateway.intgate",
            "module.clustering.aws_route_table.pubrt",
            "module.clustering.aws_subnet.pubsub02",
            "module.clustering.aws_vpc.kubevpc"
          ]
        }
      ]
    },
    {
      "module": "module.clustering",
      "mode": "managed",
      "type": "aws_security_group",
      "name": "kubesg",
      "provider": "provider[\"registry.terraform.io/hashicorp/aws\"]",
      "instances": [
        {
          "schema_version": 1,
          "attributes": {
            "arn": "arn:aws:ec2:us-west-2:375111493668:security-group/sg-006b2c07fcf89d804",
            "description": "This is to allow server to outside",
            "egress": [
              {
                "cidr_blocks": [
                  "0.0.0.0/0"
                ],
                "description": "",
                "from_port": 0,
                "ipv6_cidr_blocks": [],
                "prefix_list_ids": [],
                "protocol": "-1",
                "security_groups": [],
                "self": false,
                "to_port": 0
              }
            ],
            "id": "sg-006b2c07fcf89d804",
            "ingress": [
              {
                "cidr_blocks": [
                  "0.0.0.0/0"
                ],
                "description": "",
                "from_port": 22,
                "ipv6_cidr_blocks": [],
                "prefix_list_ids": [],
                "protocol": "tcp",
                "security_groups": [],
                "self": false,
                "to_port": 22
              },
              {
                "cidr_blocks": [
                  "0.0.0.0/0"
                ],
                "description": "",
                "from_port": 80,
                "ipv6_cidr_blocks": [],
                "prefix_list_ids": [],
                "protocol": "tcp",
                "security_groups": [],
                "self": false,
                "to_port": 80
              }
            ],
            "name": "devsgforkube",
            "name_prefix": "",
            "owner_id": "375111493668",
            "revoke_rules_on_delete": false,
            "tags": null,
            "tags_all": {},
            "timeouts": null,
            "vpc_id": "vpc-067e4af025a4d5384"
          },
          "sensitive_attributes": [],
          "private": "eyJlMmJmYjczMC1lY2FhLTExZTYtOGY4OC0zNDM2M2JjN2M0YzAiOnsiY3JlYXRlIjo2MDAwMDAwMDAwMDAsImRlbGV0ZSI6OTAwMDAwMDAwMDAwfSwic2NoZW1hX3ZlcnNpb24iOiIxIn0=",
          "dependencies": [
            "module.clustering.aws_vpc.kubevpc"
          ]
        }
      ]
    },
    {
      "module": "module.clustering",
      "mode": "managed",
      "type": "aws_subnet",
      "name": "pubsub01",
      "provider": "provider[\"registry.terraform.io/hashicorp/aws\"]",
      "instances": [
        {
          "schema_version": 1,
          "attributes": {
            "arn": "arn:aws:ec2:us-west-2:375111493668:subnet/subnet-07fcd0c060f8524c3",
            "assign_ipv6_address_on_creation": false,
            "availability_zone": "us-west-2a",
            "availability_zone_id": "usw2-az1",
            "cidr_block": "192.168.0.0/18",
            "customer_owned_ipv4_pool": "",
            "id": "subnet-07fcd0c060f8524c3",
            "ipv6_cidr_block": "",
            "ipv6_cidr_block_association_id": "",
            "map_customer_owned_ip_on_launch": false,
            "map_public_ip_on_launch": true,
            "outpost_arn": "",
            "owner_id": "375111493668",
            "tags": {
              "Name": "dev-pubsub01"
            },
            "tags_all": {
              "Name": "dev-pubsub01"
            },
            "timeouts": null,
            "vpc_id": "vpc-067e4af025a4d5384"
          },
          "sensitive_attributes": [],
          "private": "eyJlMmJmYjczMC1lY2FhLTExZTYtOGY4OC0zNDM2M2JjN2M0YzAiOnsiY3JlYXRlIjo2MDAwMDAwMDAwMDAsImRlbGV0ZSI6MTIwMDAwMDAwMDAwMH0sInNjaGVtYV92ZXJzaW9uIjoiMSJ9",
          "dependencies": [
            "module.clustering.aws_vpc.kubevpc"
          ]
        }
      ]
    },
    {
      "module": "module.clustering",
      "mode": "managed",
      "type": "aws_subnet",
      "name": "pubsub02",
      "provider": "provider[\"registry.terraform.io/hashicorp/aws\"]",
      "instances": [
        {
          "schema_version": 1,
          "attributes": {
            "arn": "arn:aws:ec2:us-west-2:375111493668:subnet/subnet-0780343d4b9e11450",
            "assign_ipv6_address_on_creation": false,
            "availability_zone": "us-west-2b",
            "availability_zone_id": "usw2-az2",
            "cidr_block": "192.168.64.0/18",
            "customer_owned_ipv4_pool": "",
            "id": "subnet-0780343d4b9e11450",
            "ipv6_cidr_block": "",
            "ipv6_cidr_block_association_id": "",
            "map_customer_owned_ip_on_launch": false,
            "map_public_ip_on_launch": true,
            "outpost_arn": "",
            "owner_id": "375111493668",
            "tags": {
              "Name": "dev-pubsub02"
            },
            "tags_all": {
              "Name": "dev-pubsub02"
            },
            "timeouts": null,
            "vpc_id": "vpc-067e4af025a4d5384"
          },
          "sensitive_attributes": [],
          "private": "eyJlMmJmYjczMC1lY2FhLTExZTYtOGY4OC0zNDM2M2JjN2M0YzAiOnsiY3JlYXRlIjo2MDAwMDAwMDAwMDAsImRlbGV0ZSI6MTIwMDAwMDAwMDAwMH0sInNjaGVtYV92ZXJzaW9uIjoiMSJ9",
          "dependencies": [
            "module.clustering.aws_vpc.kubevpc"
          ]
        }
      ]
    },
    {
      "module": "module.clustering",
      "mode": "managed",
      "type": "aws_vpc",
      "name": "kubevpc",
      "provider": "provider[\"registry.terraform.io/hashicorp/aws\"]",
      "instances": [
        {
          "schema_version": 1,
          "attributes": {
            "arn": "arn:aws:ec2:us-west-2:375111493668:vpc/vpc-067e4af025a4d5384",
            "assign_generated_ipv6_cidr_block": false,
            "cidr_block": "192.168.0.0/16",
            "default_network_acl_id": "acl-0d58e9797b41da149",
            "default_route_table_id": "rtb-0bc3039311c3c520b",
            "default_security_group_id": "sg-0ba3cea9a783328ff",
            "dhcp_options_id": "dopt-0b71904eb32bc3a82",
            "enable_classiclink": false,
            "enable_classiclink_dns_support": false,
            "enable_dns_hostnames": false,
            "enable_dns_support": true,
            "id": "vpc-067e4af025a4d5384",
            "instance_tenancy": "default",
            "ipv6_association_id": "",
            "ipv6_cidr_block": "",
            "main_route_table_id": "rtb-0bc3039311c3c520b",
            "owner_id": "375111493668",
            "tags": {
              "Name": "dev-eks-vpc"
            },
            "tags_all": {
              "Name": "dev-eks-vpc"
            }
          },
          "sensitive_attributes": [],
          "private": "eyJzY2hlbWFfdmVyc2lvbiI6IjEifQ=="
        }
      ]
    }
  ],
  "check_results": null
}
